// !$*UTF8*$!
{
	archiveVersion = 1;
	classes = {
	};
	objectVersion = 46;
	objects = {

/* Begin PBXBuildFile section */
		30CECC20EBC688A6A1B23406 /* libPods-TRZXComplaint.a in Frameworks */ = {isa = PBXBuildFile; fileRef = 8E2A62F3897BFC4585A03F19 /* libPods-TRZXComplaint.a */; };
		76B588391E67BAC200791987 /* main.m in Sources */ = {isa = PBXBuildFile; fileRef = 76B588381E67BAC200791987 /* main.m */; };
		76B5883C1E67BAC200791987 /* AppDelegate.m in Sources */ = {isa = PBXBuildFile; fileRef = 76B5883B1E67BAC200791987 /* AppDelegate.m */; };
		76B5883F1E67BAC200791987 /* ViewController.m in Sources */ = {isa = PBXBuildFile; fileRef = 76B5883E1E67BAC200791987 /* ViewController.m */; };
		76B588421E67BAC200791987 /* Main.storyboard in Resources */ = {isa = PBXBuildFile; fileRef = 76B588401E67BAC200791987 /* Main.storyboard */; };
		76B588441E67BAC200791987 /* Assets.xcassets in Resources */ = {isa = PBXBuildFile; fileRef = 76B588431E67BAC200791987 /* Assets.xcassets */; };
		76B588471E67BAC200791987 /* LaunchScreen.storyboard in Resources */ = {isa = PBXBuildFile; fileRef = 76B588451E67BAC200791987 /* LaunchScreen.storyboard */; };
		76B588521E67BAC200791987 /* TRZXComplaintTests.m in Sources */ = {isa = PBXBuildFile; fileRef = 76B588511E67BAC200791987 /* TRZXComplaintTests.m */; };
		76B5885D1E67BAC200791987 /* TRZXComplaintUITests.m in Sources */ = {isa = PBXBuildFile; fileRef = 76B5885C1E67BAC200791987 /* TRZXComplaintUITests.m */; };
		76B588751E67BF2F00791987 /* TRZXComplaintsMsgViewController.m in Sources */ = {isa = PBXBuildFile; fileRef = 76B5886E1E67BF2F00791987 /* TRZXComplaintsMsgViewController.m */; };
		76B588761E67BF2F00791987 /* ComplaintsTitleTableViewCell.m in Sources */ = {isa = PBXBuildFile; fileRef = 76B588701E67BF2F00791987 /* ComplaintsTitleTableViewCell.m */; };
		76B588771E67BF2F00791987 /* ComplaintsTitleTableViewCell.xib in Resources */ = {isa = PBXBuildFile; fileRef = 76B588711E67BF2F00791987 /* ComplaintsTitleTableViewCell.xib */; };
		76B588781E67BF2F00791987 /* TRZXComplaintsViewController.m in Sources */ = {isa = PBXBuildFile; fileRef = 76B588731E67BF2F00791987 /* TRZXComplaintsViewController.m */; };
		76B5887C1E67BFCF00791987 /* TRZXComplaintCell.m in Sources */ = {isa = PBXBuildFile; fileRef = 76B5887A1E67BFCF00791987 /* TRZXComplaintCell.m */; };
		76B5887D1E67BFCF00791987 /* TRZXComplaintCell.xib in Resources */ = {isa = PBXBuildFile; fileRef = 76B5887B1E67BFCF00791987 /* TRZXComplaintCell.xib */; };
		76B5887F1E67C91A00791987 /* TRZXComplaints_Selected.png in Resources */ = {isa = PBXBuildFile; fileRef = 76B5887E1E67C91A00791987 /* TRZXComplaints_Selected.png */; };
		76B588811E67D68400791987 /* TRZXAlbumcss.png in Resources */ = {isa = PBXBuildFile; fileRef = 76B588801E67D68400791987 /* TRZXAlbumcss.png */; };
		76B588831E67ED8D00791987 /* ComplaintSlide.png in Resources */ = {isa = PBXBuildFile; fileRef = 76B588821E67ED8D00791987 /* ComplaintSlide.png */; };
		76B588861E67EDF200791987 /* CTMediator+TRZXComplaint.m in Sources */ = {isa = PBXBuildFile; fileRef = 76B588851E67EDF200791987 /* CTMediator+TRZXComplaint.m */; };
		76B588891E67EE0B00791987 /* Target_TRZXComplaint.m in Sources */ = {isa = PBXBuildFile; fileRef = 76B588881E67EE0B00791987 /* Target_TRZXComplaint.m */; };
		76B5888C1E67EE2300791987 /* TRZXComplaintViewModel.m in Sources */ = {isa = PBXBuildFile; fileRef = 76B5888B1E67EE2300791987 /* TRZXComplaintViewModel.m */; };
		90D14215FD858C4592107BE1 /* libPods-TRZXComplaintUITests.a in Frameworks */ = {isa = PBXBuildFile; fileRef = 01B83FAD1CDCB5B9D60FE441 /* libPods-TRZXComplaintUITests.a */; };
		E26DF94E46F5EC39C8BFCF47 /* libPods-TRZXComplaintTests.a in Frameworks */ = {isa = PBXBuildFile; fileRef = 08AFDA9FE35A23BE049C734F /* libPods-TRZXComplaintTests.a */; };
/* End PBXBuildFile section */

/* Begin PBXContainerItemProxy section */
		76B5884E1E67BAC200791987 /* PBXContainerItemProxy */ = {
			isa = PBXContainerItemProxy;
			containerPortal = 76B5882C1E67BAC200791987 /* Project object */;
			proxyType = 1;
			remoteGlobalIDString = 76B588331E67BAC200791987;
			remoteInfo = TRZXComplaint;
		};
		76B588591E67BAC200791987 /* PBXContainerItemProxy */ = {
			isa = PBXContainerItemProxy;
			containerPortal = 76B5882C1E67BAC200791987 /* Project object */;
			proxyType = 1;
			remoteGlobalIDString = 76B588331E67BAC200791987;
			remoteInfo = TRZXComplaint;
		};
/* End PBXContainerItemProxy section */

/* Begin PBXFileReference section */
		01B83FAD1CDCB5B9D60FE441 /* libPods-TRZXComplaintUITests.a */ = {isa = PBXFileReference; explicitFileType = archive.ar; includeInIndex = 0; path = "libPods-TRZXComplaintUITests.a"; sourceTree = BUILT_PRODUCTS_DIR; };
		08AFDA9FE35A23BE049C734F /* libPods-TRZXComplaintTests.a */ = {isa = PBXFileReference; explicitFileType = archive.ar; includeInIndex = 0; path = "libPods-TRZXComplaintTests.a"; sourceTree = BUILT_PRODUCTS_DIR; };
		12AEB2F01B38A1B1E4168D77 /* Pods-TRZXComplaintTests.release.xcconfig */ = {isa = PBXFileReference; includeInIndex = 1; lastKnownFileType = text.xcconfig; name = "Pods-TRZXComplaintTests.release.xcconfig"; path = "Pods/Target Support Files/Pods-TRZXComplaintTests/Pods-TRZXComplaintTests.release.xcconfig"; sourceTree = "<group>"; };
		18BD88B3CFBAC845CF6DAD54 /* Pods-TRZXComplaint.debug.xcconfig */ = {isa = PBXFileReference; includeInIndex = 1; lastKnownFileType = text.xcconfig; name = "Pods-TRZXComplaint.debug.xcconfig"; path = "Pods/Target Support Files/Pods-TRZXComplaint/Pods-TRZXComplaint.debug.xcconfig"; sourceTree = "<group>"; };
		3388F5DFDBE1D70DA6D8ADA7 /* Pods-TRZXComplaintUITests.release.xcconfig */ = {isa = PBXFileReference; includeInIndex = 1; lastKnownFileType = text.xcconfig; name = "Pods-TRZXComplaintUITests.release.xcconfig"; path = "Pods/Target Support Files/Pods-TRZXComplaintUITests/Pods-TRZXComplaintUITests.release.xcconfig"; sourceTree = "<group>"; };
		3CF883B03D85966DF471A9EC /* Pods-TRZXComplaintTests.debug.xcconfig */ = {isa = PBXFileReference; includeInIndex = 1; lastKnownFileType = text.xcconfig; name = "Pods-TRZXComplaintTests.debug.xcconfig"; path = "Pods/Target Support Files/Pods-TRZXComplaintTests/Pods-TRZXComplaintTests.debug.xcconfig"; sourceTree = "<group>"; };
		6A8E453FF54E368838A1F4F7 /* Pods-TRZXComplaint.release.xcconfig */ = {isa = PBXFileReference; includeInIndex = 1; lastKnownFileType = text.xcconfig; name = "Pods-TRZXComplaint.release.xcconfig"; path = "Pods/Target Support Files/Pods-TRZXComplaint/Pods-TRZXComplaint.release.xcconfig"; sourceTree = "<group>"; };
		76B588341E67BAC200791987 /* TRZXComplaint.app */ = {isa = PBXFileReference; explicitFileType = wrapper.application; includeInIndex = 0; path = TRZXComplaint.app; sourceTree = BUILT_PRODUCTS_DIR; };
		76B588381E67BAC200791987 /* main.m */ = {isa = PBXFileReference; lastKnownFileType = sourcecode.c.objc; path = main.m; sourceTree = "<group>"; };
		76B5883A1E67BAC200791987 /* AppDelegate.h */ = {isa = PBXFileReference; lastKnownFileType = sourcecode.c.h; path = AppDelegate.h; sourceTree = "<group>"; };
		76B5883B1E67BAC200791987 /* AppDelegate.m */ = {isa = PBXFileReference; lastKnownFileType = sourcecode.c.objc; path = AppDelegate.m; sourceTree = "<group>"; };
		76B5883D1E67BAC200791987 /* ViewController.h */ = {isa = PBXFileReference; lastKnownFileType = sourcecode.c.h; path = ViewController.h; sourceTree = "<group>"; };
		76B5883E1E67BAC200791987 /* ViewController.m */ = {isa = PBXFileReference; lastKnownFileType = sourcecode.c.objc; path = ViewController.m; sourceTree = "<group>"; };
		76B588411E67BAC200791987 /* Base */ = {isa = PBXFileReference; lastKnownFileType = file.storyboard; name = Base; path = Base.lproj/Main.storyboard; sourceTree = "<group>"; };
		76B588431E67BAC200791987 /* Assets.xcassets */ = {isa = PBXFileReference; lastKnownFileType = folder.assetcatalog; path = Assets.xcassets; sourceTree = "<group>"; };
		76B588461E67BAC200791987 /* Base */ = {isa = PBXFileReference; lastKnownFileType = file.storyboard; name = Base; path = Base.lproj/LaunchScreen.storyboard; sourceTree = "<group>"; };
		76B588481E67BAC200791987 /* Info.plist */ = {isa = PBXFileReference; lastKnownFileType = text.plist.xml; path = Info.plist; sourceTree = "<group>"; };
		76B5884D1E67BAC200791987 /* TRZXComplaintTests.xctest */ = {isa = PBXFileReference; explicitFileType = wrapper.cfbundle; includeInIndex = 0; path = TRZXComplaintTests.xctest; sourceTree = BUILT_PRODUCTS_DIR; };
		76B588511E67BAC200791987 /* TRZXComplaintTests.m */ = {isa = PBXFileReference; lastKnownFileType = sourcecode.c.objc; path = TRZXComplaintTests.m; sourceTree = "<group>"; };
		76B588531E67BAC200791987 /* Info.plist */ = {isa = PBXFileReference; lastKnownFileType = text.plist.xml; path = Info.plist; sourceTree = "<group>"; };
		76B588581E67BAC200791987 /* TRZXComplaintUITests.xctest */ = {isa = PBXFileReference; explicitFileType = wrapper.cfbundle; includeInIndex = 0; path = TRZXComplaintUITests.xctest; sourceTree = BUILT_PRODUCTS_DIR; };
		76B5885C1E67BAC200791987 /* TRZXComplaintUITests.m */ = {isa = PBXFileReference; lastKnownFileType = sourcecode.c.objc; path = TRZXComplaintUITests.m; sourceTree = "<group>"; };
		76B5885E1E67BAC200791987 /* Info.plist */ = {isa = PBXFileReference; lastKnownFileType = text.plist.xml; path = Info.plist; sourceTree = "<group>"; };
		76B5886D1E67BF2F00791987 /* TRZXComplaintsMsgViewController.h */ = {isa = PBXFileReference; fileEncoding = 4; lastKnownFileType = sourcecode.c.h; path = TRZXComplaintsMsgViewController.h; sourceTree = "<group>"; };
		76B5886E1E67BF2F00791987 /* TRZXComplaintsMsgViewController.m */ = {isa = PBXFileReference; fileEncoding = 4; lastKnownFileType = sourcecode.c.objc; path = TRZXComplaintsMsgViewController.m; sourceTree = "<group>"; };
		76B5886F1E67BF2F00791987 /* ComplaintsTitleTableViewCell.h */ = {isa = PBXFileReference; fileEncoding = 4; lastKnownFileType = sourcecode.c.h; path = ComplaintsTitleTableViewCell.h; sourceTree = "<group>"; };
		76B588701E67BF2F00791987 /* ComplaintsTitleTableViewCell.m */ = {isa = PBXFileReference; fileEncoding = 4; lastKnownFileType = sourcecode.c.objc; path = ComplaintsTitleTableViewCell.m; sourceTree = "<group>"; };
		76B588711E67BF2F00791987 /* ComplaintsTitleTableViewCell.xib */ = {isa = PBXFileReference; fileEncoding = 4; lastKnownFileType = file.xib; path = ComplaintsTitleTableViewCell.xib; sourceTree = "<group>"; };
		76B588721E67BF2F00791987 /* TRZXComplaintsViewController.h */ = {isa = PBXFileReference; fileEncoding = 4; lastKnownFileType = sourcecode.c.h; path = TRZXComplaintsViewController.h; sourceTree = "<group>"; };
		76B588731E67BF2F00791987 /* TRZXComplaintsViewController.m */ = {isa = PBXFileReference; fileEncoding = 4; lastKnownFileType = sourcecode.c.objc; path = TRZXComplaintsViewController.m; sourceTree = "<group>"; };
		76B588791E67BFCF00791987 /* TRZXComplaintCell.h */ = {isa = PBXFileReference; fileEncoding = 4; lastKnownFileType = sourcecode.c.h; path = TRZXComplaintCell.h; sourceTree = "<group>"; };
		76B5887A1E67BFCF00791987 /* TRZXComplaintCell.m */ = {isa = PBXFileReference; fileEncoding = 4; lastKnownFileType = sourcecode.c.objc; path = TRZXComplaintCell.m; sourceTree = "<group>"; };
		76B5887B1E67BFCF00791987 /* TRZXComplaintCell.xib */ = {isa = PBXFileReference; fileEncoding = 4; lastKnownFileType = file.xib; path = TRZXComplaintCell.xib; sourceTree = "<group>"; };
		76B5887E1E67C91A00791987 /* TRZXComplaints_Selected.png */ = {isa = PBXFileReference; lastKnownFileType = image.png; path = TRZXComplaints_Selected.png; sourceTree = "<group>"; };
		76B588801E67D68400791987 /* TRZXAlbumcss.png */ = {isa = PBXFileReference; lastKnownFileType = image.png; path = TRZXAlbumcss.png; sourceTree = "<group>"; };
		76B588821E67ED8D00791987 /* ComplaintSlide.png */ = {isa = PBXFileReference; lastKnownFileType = image.png; path = ComplaintSlide.png; sourceTree = "<group>"; };
		76B588841E67EDF200791987 /* CTMediator+TRZXComplaint.h */ = {isa = PBXFileReference; fileEncoding = 4; lastKnownFileType = sourcecode.c.h; path = "CTMediator+TRZXComplaint.h"; sourceTree = "<group>"; };
		76B588851E67EDF200791987 /* CTMediator+TRZXComplaint.m */ = {isa = PBXFileReference; fileEncoding = 4; lastKnownFileType = sourcecode.c.objc; path = "CTMediator+TRZXComplaint.m"; sourceTree = "<group>"; };
		76B588871E67EE0B00791987 /* Target_TRZXComplaint.h */ = {isa = PBXFileReference; fileEncoding = 4; lastKnownFileType = sourcecode.c.h; path = Target_TRZXComplaint.h; sourceTree = "<group>"; };
		76B588881E67EE0B00791987 /* Target_TRZXComplaint.m */ = {isa = PBXFileReference; fileEncoding = 4; lastKnownFileType = sourcecode.c.objc; path = Target_TRZXComplaint.m; sourceTree = "<group>"; };
		76B5888A1E67EE2300791987 /* TRZXComplaintViewModel.h */ = {isa = PBXFileReference; fileEncoding = 4; lastKnownFileType = sourcecode.c.h; path = TRZXComplaintViewModel.h; sourceTree = "<group>"; };
		76B5888B1E67EE2300791987 /* TRZXComplaintViewModel.m */ = {isa = PBXFileReference; fileEncoding = 4; lastKnownFileType = sourcecode.c.objc; path = TRZXComplaintViewModel.m; sourceTree = "<group>"; };
		8E2A62F3897BFC4585A03F19 /* libPods-TRZXComplaint.a */ = {isa = PBXFileReference; explicitFileType = archive.ar; includeInIndex = 0; path = "libPods-TRZXComplaint.a"; sourceTree = BUILT_PRODUCTS_DIR; };
		DF6478E8782B204BAF40DAE1 /* Pods-TRZXComplaintUITests.debug.xcconfig */ = {isa = PBXFileReference; includeInIndex = 1; lastKnownFileType = text.xcconfig; name = "Pods-TRZXComplaintUITests.debug.xcconfig"; path = "Pods/Target Support Files/Pods-TRZXComplaintUITests/Pods-TRZXComplaintUITests.debug.xcconfig"; sourceTree = "<group>"; };
/* End PBXFileReference section */

/* Begin PBXFrameworksBuildPhase section */
		76B588311E67BAC200791987 /* Frameworks */ = {
			isa = PBXFrameworksBuildPhase;
			buildActionMask = 2147483647;
			files = (
				30CECC20EBC688A6A1B23406 /* libPods-TRZXComplaint.a in Frameworks */,
			);
			runOnlyForDeploymentPostprocessing = 0;
		};
		76B5884A1E67BAC200791987 /* Frameworks */ = {
			isa = PBXFrameworksBuildPhase;
			buildActionMask = 2147483647;
			files = (
				E26DF94E46F5EC39C8BFCF47 /* libPods-TRZXComplaintTests.a in Frameworks */,
			);
			runOnlyForDeploymentPostprocessing = 0;
		};
		76B588551E67BAC200791987 /* Frameworks */ = {
			isa = PBXFrameworksBuildPhase;
			buildActionMask = 2147483647;
			files = (
				90D14215FD858C4592107BE1 /* libPods-TRZXComplaintUITests.a in Frameworks */,
			);
			runOnlyForDeploymentPostprocessing = 0;
		};
/* End PBXFrameworksBuildPhase section */

/* Begin PBXGroup section */
		76B5882B1E67BAC200791987 = {
			isa = PBXGroup;
			children = (
				76B588361E67BAC200791987 /* TRZXComplaint */,
				76B588501E67BAC200791987 /* TRZXComplaintTests */,
				76B5885B1E67BAC200791987 /* TRZXComplaintUITests */,
				76B588351E67BAC200791987 /* Products */,
				C94AE6C1A38350C8AD48006C /* Pods */,
				799DFB464D012B805A1A2B03 /* Frameworks */,
			);
			sourceTree = "<group>";
		};
		76B588351E67BAC200791987 /* Products */ = {
			isa = PBXGroup;
			children = (
				76B588341E67BAC200791987 /* TRZXComplaint.app */,
				76B5884D1E67BAC200791987 /* TRZXComplaintTests.xctest */,
				76B588581E67BAC200791987 /* TRZXComplaintUITests.xctest */,
			);
			name = Products;
			sourceTree = "<group>";
		};
		76B588361E67BAC200791987 /* TRZXComplaint */ = {
			isa = PBXGroup;
			children = (
				76B5883A1E67BAC200791987 /* AppDelegate.h */,
				76B5883B1E67BAC200791987 /* AppDelegate.m */,
				76B5883D1E67BAC200791987 /* ViewController.h */,
				76B5883E1E67BAC200791987 /* ViewController.m */,
				76B5886A1E67BB5800791987 /* TRZXComplaint */,
				76B588401E67BAC200791987 /* Main.storyboard */,
				76B588431E67BAC200791987 /* Assets.xcassets */,
				76B588451E67BAC200791987 /* LaunchScreen.storyboard */,
				76B588481E67BAC200791987 /* Info.plist */,
				76B588371E67BAC200791987 /* Supporting Files */,
			);
			path = TRZXComplaint;
			sourceTree = "<group>";
		};
		76B588371E67BAC200791987 /* Supporting Files */ = {
			isa = PBXGroup;
			children = (
				76B588381E67BAC200791987 /* main.m */,
			);
			name = "Supporting Files";
			sourceTree = "<group>";
		};
		76B588501E67BAC200791987 /* TRZXComplaintTests */ = {
			isa = PBXGroup;
			children = (
				76B588511E67BAC200791987 /* TRZXComplaintTests.m */,
				76B588531E67BAC200791987 /* Info.plist */,
			);
			path = TRZXComplaintTests;
			sourceTree = "<group>";
		};
		76B5885B1E67BAC200791987 /* TRZXComplaintUITests */ = {
			isa = PBXGroup;
			children = (
				76B5885C1E67BAC200791987 /* TRZXComplaintUITests.m */,
				76B5885E1E67BAC200791987 /* Info.plist */,
			);
			path = TRZXComplaintUITests;
			sourceTree = "<group>";
		};
		76B5886A1E67BB5800791987 /* TRZXComplaint */ = {
			isa = PBXGroup;
			children = (
				76B5887E1E67C91A00791987 /* TRZXComplaints_Selected.png */,
				76B588801E67D68400791987 /* TRZXAlbumcss.png */,
				76B588821E67ED8D00791987 /* ComplaintSlide.png */,
				76B588721E67BF2F00791987 /* TRZXComplaintsViewController.h */,
				76B588731E67BF2F00791987 /* TRZXComplaintsViewController.m */,
				76B5886D1E67BF2F00791987 /* TRZXComplaintsMsgViewController.h */,
				76B5886E1E67BF2F00791987 /* TRZXComplaintsMsgViewController.m */,
				76B5886F1E67BF2F00791987 /* ComplaintsTitleTableViewCell.h */,
				76B588701E67BF2F00791987 /* ComplaintsTitleTableViewCell.m */,
				76B588711E67BF2F00791987 /* ComplaintsTitleTableViewCell.xib */,
				76B588791E67BFCF00791987 /* TRZXComplaintCell.h */,
				76B5887A1E67BFCF00791987 /* TRZXComplaintCell.m */,
				76B5887B1E67BFCF00791987 /* TRZXComplaintCell.xib */,
				76B5888A1E67EE2300791987 /* TRZXComplaintViewModel.h */,
				76B5888B1E67EE2300791987 /* TRZXComplaintViewModel.m */,
				76B588841E67EDF200791987 /* CTMediator+TRZXComplaint.h */,
				76B588851E67EDF200791987 /* CTMediator+TRZXComplaint.m */,
				76B588871E67EE0B00791987 /* Target_TRZXComplaint.h */,
				76B588881E67EE0B00791987 /* Target_TRZXComplaint.m */,
			);
			path = TRZXComplaint;
			sourceTree = "<group>";
		};
		799DFB464D012B805A1A2B03 /* Frameworks */ = {
			isa = PBXGroup;
			children = (
				8E2A62F3897BFC4585A03F19 /* libPods-TRZXComplaint.a */,
				08AFDA9FE35A23BE049C734F /* libPods-TRZXComplaintTests.a */,
				01B83FAD1CDCB5B9D60FE441 /* libPods-TRZXComplaintUITests.a */,
			);
			name = Frameworks;
			sourceTree = "<group>";
		};
		C94AE6C1A38350C8AD48006C /* Pods */ = {
			isa = PBXGroup;
			children = (
				18BD88B3CFBAC845CF6DAD54 /* Pods-TRZXComplaint.debug.xcconfig */,
				6A8E453FF54E368838A1F4F7 /* Pods-TRZXComplaint.release.xcconfig */,
				3CF883B03D85966DF471A9EC /* Pods-TRZXComplaintTests.debug.xcconfig */,
				12AEB2F01B38A1B1E4168D77 /* Pods-TRZXComplaintTests.release.xcconfig */,
				DF6478E8782B204BAF40DAE1 /* Pods-TRZXComplaintUITests.debug.xcconfig */,
				3388F5DFDBE1D70DA6D8ADA7 /* Pods-TRZXComplaintUITests.release.xcconfig */,
			);
			name = Pods;
			sourceTree = "<group>";
		};
/* End PBXGroup section */

/* Begin PBXNativeTarget section */
		76B588331E67BAC200791987 /* TRZXComplaint */ = {
			isa = PBXNativeTarget;
			buildConfigurationList = 76B588611E67BAC200791987 /* Build configuration list for PBXNativeTarget "TRZXComplaint" */;
			buildPhases = (
				55E352678812660945374BC7 /* [CP] Check Pods Manifest.lock */,
				76B588301E67BAC200791987 /* Sources */,
				76B588311E67BAC200791987 /* Frameworks */,
				76B588321E67BAC200791987 /* Resources */,
				5F852C8DD31882389D82F221 /* [CP] Embed Pods Frameworks */,
				A72CE7F7D5EE8FA2B3236B22 /* [CP] Copy Pods Resources */,
			);
			buildRules = (
			);
			dependencies = (
			);
			name = TRZXComplaint;
			productName = TRZXComplaint;
			productReference = 76B588341E67BAC200791987 /* TRZXComplaint.app */;
			productType = "com.apple.product-type.application";
		};
		76B5884C1E67BAC200791987 /* TRZXComplaintTests */ = {
			isa = PBXNativeTarget;
			buildConfigurationList = 76B588641E67BAC200791987 /* Build configuration list for PBXNativeTarget "TRZXComplaintTests" */;
			buildPhases = (
				1B399FBD8C1137B4C7CAF2D7 /* [CP] Check Pods Manifest.lock */,
				76B588491E67BAC200791987 /* Sources */,
				76B5884A1E67BAC200791987 /* Frameworks */,
				76B5884B1E67BAC200791987 /* Resources */,
				240FEBB9DABE76C6D4582763 /* [CP] Embed Pods Frameworks */,
				1C587EFA4522C72C71C74345 /* [CP] Copy Pods Resources */,
			);
			buildRules = (
			);
			dependencies = (
				76B5884F1E67BAC200791987 /* PBXTargetDependency */,
			);
			name = TRZXComplaintTests;
			productName = TRZXComplaintTests;
			productReference = 76B5884D1E67BAC200791987 /* TRZXComplaintTests.xctest */;
			productType = "com.apple.product-type.bundle.unit-test";
		};
		76B588571E67BAC200791987 /* TRZXComplaintUITests */ = {
			isa = PBXNativeTarget;
			buildConfigurationList = 76B588671E67BAC200791987 /* Build configuration list for PBXNativeTarget "TRZXComplaintUITests" */;
			buildPhases = (
				375C796939A67CC82ADA7091 /* [CP] Check Pods Manifest.lock */,
				76B588541E67BAC200791987 /* Sources */,
				76B588551E67BAC200791987 /* Frameworks */,
				76B588561E67BAC200791987 /* Resources */,
				F224635C05BADE955852CC39 /* [CP] Embed Pods Frameworks */,
				DD43B464986CC6B4A4233F5D /* [CP] Copy Pods Resources */,
			);
			buildRules = (
			);
			dependencies = (
				76B5885A1E67BAC200791987 /* PBXTargetDependency */,
			);
			name = TRZXComplaintUITests;
			productName = TRZXComplaintUITests;
			productReference = 76B588581E67BAC200791987 /* TRZXComplaintUITests.xctest */;
			productType = "com.apple.product-type.bundle.ui-testing";
		};
/* End PBXNativeTarget section */

/* Begin PBXProject section */
		76B5882C1E67BAC200791987 /* Project object */ = {
			isa = PBXProject;
			attributes = {
				LastUpgradeCheck = 0820;
				ORGANIZATIONNAME = Rhino;
				TargetAttributes = {
					76B588331E67BAC200791987 = {
						CreatedOnToolsVersion = 8.2.1;
						DevelopmentTeam = 487PQPPTGA;
						ProvisioningStyle = Automatic;
					};
					76B5884C1E67BAC200791987 = {
						CreatedOnToolsVersion = 8.2.1;
						ProvisioningStyle = Automatic;
						TestTargetID = 76B588331E67BAC200791987;
					};
					76B588571E67BAC200791987 = {
						CreatedOnToolsVersion = 8.2.1;
						ProvisioningStyle = Automatic;
						TestTargetID = 76B588331E67BAC200791987;
					};
				};
			};
			buildConfigurationList = 76B5882F1E67BAC200791987 /* Build configuration list for PBXProject "TRZXComplaint" */;
			compatibilityVersion = "Xcode 3.2";
			developmentRegion = English;
			hasScannedForEncodings = 0;
			knownRegions = (
				en,
				Base,
			);
			mainGroup = 76B5882B1E67BAC200791987;
			productRefGroup = 76B588351E67BAC200791987 /* Products */;
			projectDirPath = "";
			projectRoot = "";
			targets = (
				76B588331E67BAC200791987 /* TRZXComplaint */,
				76B5884C1E67BAC200791987 /* TRZXComplaintTests */,
				76B588571E67BAC200791987 /* TRZXComplaintUITests */,
			);
		};
/* End PBXProject section */

/* Begin PBXResourcesBuildPhase section */
		76B588321E67BAC200791987 /* Resources */ = {
			isa = PBXResourcesBuildPhase;
			buildActionMask = 2147483647;
			files = (
				76B5887F1E67C91A00791987 /* TRZXComplaints_Selected.png in Resources */,
				76B588831E67ED8D00791987 /* ComplaintSlide.png in Resources */,
				76B588771E67BF2F00791987 /* ComplaintsTitleTableViewCell.xib in Resources */,
				76B588471E67BAC200791987 /* LaunchScreen.storyboard in Resources */,
				76B588441E67BAC200791987 /* Assets.xcassets in Resources */,
				76B5887D1E67BFCF00791987 /* TRZXComplaintCell.xib in Resources */,
				76B588811E67D68400791987 /* TRZXAlbumcss.png in Resources */,
				76B588421E67BAC200791987 /* Main.storyboard in Resources */,
			);
			runOnlyForDeploymentPostprocessing = 0;
		};
		76B5884B1E67BAC200791987 /* Resources */ = {
			isa = PBXResourcesBuildPhase;
			buildActionMask = 2147483647;
			files = (
			);
			runOnlyForDeploymentPostprocessing = 0;
		};
		76B588561E67BAC200791987 /* Resources */ = {
			isa = PBXResourcesBuildPhase;
			buildActionMask = 2147483647;
			files = (
			);
			runOnlyForDeploymentPostprocessing = 0;
		};
/* End PBXResourcesBuildPhase section */

/* Begin PBXShellScriptBuildPhase section */
		1B399FBD8C1137B4C7CAF2D7 /* [CP] Check Pods Manifest.lock */ = {
			isa = PBXShellScriptBuildPhase;
			buildActionMask = 2147483647;
			files = (
			);
			inputPaths = (
			);
			name = "[CP] Check Pods Manifest.lock";
			outputPaths = (
			);
			runOnlyForDeploymentPostprocessing = 0;
			shellPath = /bin/sh;
			shellScript = "diff \"${PODS_ROOT}/../Podfile.lock\" \"${PODS_ROOT}/Manifest.lock\" > /dev/null\nif [ $? != 0 ] ; then\n    # print error to STDERR\n    echo \"error: The sandbox is not in sync with the Podfile.lock. Run 'pod install' or update your CocoaPods installation.\" >&2\n    exit 1\nfi\n";
			showEnvVarsInLog = 0;
		};
		1C587EFA4522C72C71C74345 /* [CP] Copy Pods Resources */ = {
			isa = PBXShellScriptBuildPhase;
			buildActionMask = 2147483647;
			files = (
			);
			inputPaths = (
			);
			name = "[CP] Copy Pods Resources";
			outputPaths = (
			);
			runOnlyForDeploymentPostprocessing = 0;
			shellPath = /bin/sh;
			shellScript = "\"${SRCROOT}/Pods/Target Support Files/Pods-TRZXComplaintTests/Pods-TRZXComplaintTests-resources.sh\"\n";
			showEnvVarsInLog = 0;
		};
		240FEBB9DABE76C6D4582763 /* [CP] Embed Pods Frameworks */ = {
			isa = PBXShellScriptBuildPhase;
			buildActionMask = 2147483647;
			files = (
			);
			inputPaths = (
			);
			name = "[CP] Embed Pods Frameworks";
			outputPaths = (
			);
			runOnlyForDeploymentPostprocessing = 0;
			shellPath = /bin/sh;
			shellScript = "\"${SRCROOT}/Pods/Target Support Files/Pods-TRZXComplaintTests/Pods-TRZXComplaintTests-frameworks.sh\"\n";
			showEnvVarsInLog = 0;
		};
		375C796939A67CC82ADA7091 /* [CP] Check Pods Manifest.lock */ = {
			isa = PBXShellScriptBuildPhase;
			buildActionMask = 2147483647;
			files = (
			);
			inputPaths = (
			);
			name = "[CP] Check Pods Manifest.lock";
			outputPaths = (
			);
			runOnlyForDeploymentPostprocessing = 0;
			shellPath = /bin/sh;
			shellScript = "diff \"${PODS_ROOT}/../Podfile.lock\" \"${PODS_ROOT}/Manifest.lock\" > /dev/null\nif [ $? != 0 ] ; then\n    # print error to STDERR\n    echo \"error: The sandbox is not in sync with the Podfile.lock. Run 'pod install' or update your CocoaPods installation.\" >&2\n    exit 1\nfi\n";
			showEnvVarsInLog = 0;
		};
		55E352678812660945374BC7 /* [CP] Check Pods Manifest.lock */ = {
			isa = PBXShellScriptBuildPhase;
			buildActionMask = 2147483647;
			files = (
			);
			inputPaths = (
			);
			name = "[CP] Check Pods Manifest.lock";
			outputPaths = (
			);
			runOnlyForDeploymentPostprocessing = 0;
			shellPath = /bin/sh;
			shellScript = "diff \"${PODS_ROOT}/../Podfile.lock\" \"${PODS_ROOT}/Manifest.lock\" > /dev/null\nif [ $? != 0 ] ; then\n    # print error to STDERR\n    echo \"error: The sandbox is not in sync with the Podfile.lock. Run 'pod install' or update your CocoaPods installation.\" >&2\n    exit 1\nfi\n";
			showEnvVarsInLog = 0;
		};
		5F852C8DD31882389D82F221 /* [CP] Embed Pods Frameworks */ = {
			isa = PBXShellScriptBuildPhase;
			buildActionMask = 2147483647;
			files = (
			);
			inputPaths = (
			);
			name = "[CP] Embed Pods Frameworks";
			outputPaths = (
			);
			runOnlyForDeploymentPostprocessing = 0;
			shellPath = /bin/sh;
			shellScript = "\"${SRCROOT}/Pods/Target Support Files/Pods-TRZXComplaint/Pods-TRZXComplaint-frameworks.sh\"\n";
			showEnvVarsInLog = 0;
		};
		A72CE7F7D5EE8FA2B3236B22 /* [CP] Copy Pods Resources */ = {
			isa = PBXShellScriptBuildPhase;
			buildActionMask = 2147483647;
			files = (
			);
			inputPaths = (
			);
			name = "[CP] Copy Pods Resources";
			outputPaths = (
			);
			runOnlyForDeploymentPostprocessing = 0;
			shellPath = /bin/sh;
			shellScript = "\"${SRCROOT}/Pods/Target Support Files/Pods-TRZXComplaint/Pods-TRZXComplaint-resources.sh\"\n";
			showEnvVarsInLog = 0;
		};
		DD43B464986CC6B4A4233F5D /* [CP] Copy Pods Resources */ = {
			isa = PBXShellScriptBuildPhase;
			buildActionMask = 2147483647;
			files = (
			);
			inputPaths = (
			);
			name = "[CP] Copy Pods Resources";
			outputPaths = (
			);
			runOnlyForDeploymentPostprocessing = 0;
			shellPath = /bin/sh;
			shellScript = "\"${SRCROOT}/Pods/Target Support Files/Pods-TRZXComplaintUITests/Pods-TRZXComplaintUITests-resources.sh\"\n";
			showEnvVarsInLog = 0;
		};
		F224635C05BADE955852CC39 /* [CP] Embed Pods Frameworks */ = {
			isa = PBXShellScriptBuildPhase;
			buildActionMask = 2147483647;
			files = (
			);
			inputPaths = (
			);
			name = "[CP] Embed Pods Frameworks";
			outputPaths = (
			);
			runOnlyForDeploymentPostprocessing = 0;
			shellPath = /bin/sh;
			shellScript = "\"${SRCROOT}/Pods/Target Support Files/Pods-TRZXComplaintUITests/Pods-TRZXComplaintUITests-frameworks.sh\"\n";
			showEnvVarsInLog = 0;
		};
/* End PBXShellScriptBuildPhase section */

/* Begin PBXSourcesBuildPhase section */
		76B588301E67BAC200791987 /* Sources */ = {
			isa = PBXSourcesBuildPhase;
			buildActionMask = 2147483647;
			files = (
				76B5887C1E67BFCF00791987 /* TRZXComplaintCell.m in Sources */,
				76B588761E67BF2F00791987 /* ComplaintsTitleTableViewCell.m in Sources */,
				76B588891E67EE0B00791987 /* Target_TRZXComplaint.m in Sources */,
				76B588751E67BF2F00791987 /* TRZXComplaintsMsgViewController.m in Sources */,
				76B588861E67EDF200791987 /* CTMediator+TRZXComplaint.m in Sources */,
				76B5883F1E67BAC200791987 /* ViewController.m in Sources */,
				76B5883C1E67BAC200791987 /* AppDelegate.m in Sources */,
				76B588781E67BF2F00791987 /* TRZXComplaintsViewController.m in Sources */,
				76B5888C1E67EE2300791987 /* TRZXComplaintViewModel.m in Sources */,
				76B588391E67BAC200791987 /* main.m in Sources */,
			);
			runOnlyForDeploymentPostprocessing = 0;
		};
		76B588491E67BAC200791987 /* Sources */ = {
			isa = PBXSourcesBuildPhase;
			buildActionMask = 2147483647;
			files = (
				76B588521E67BAC200791987 /* TRZXComplaintTests.m in Sources */,
			);
			runOnlyForDeploymentPostprocessing = 0;
		};
		76B588541E67BAC200791987 /* Sources */ = {
			isa = PBXSourcesBuildPhase;
			buildActionMask = 2147483647;
			files = (
				76B5885D1E67BAC200791987 /* TRZXComplaintUITests.m in Sources */,
			);
			runOnlyForDeploymentPostprocessing = 0;
		};
/* End PBXSourcesBuildPhase section */

/* Begin PBXTargetDependency section */
		76B5884F1E67BAC200791987 /* PBXTargetDependency */ = {
			isa = PBXTargetDependency;
			target = 76B588331E67BAC200791987 /* TRZXComplaint */;
			targetProxy = 76B5884E1E67BAC200791987 /* PBXContainerItemProxy */;
		};
		76B5885A1E67BAC200791987 /* PBXTargetDependency */ = {
			isa = PBXTargetDependency;
			target = 76B588331E67BAC200791987 /* TRZXComplaint */;
			targetProxy = 76B588591E67BAC200791987 /* PBXContainerItemProxy */;
		};
/* End PBXTargetDependency section */

/* Begin PBXVariantGroup section */
		76B588401E67BAC200791987 /* Main.storyboard */ = {
			isa = PBXVariantGroup;
			children = (
				76B588411E67BAC200791987 /* Base */,
			);
			name = Main.storyboard;
			sourceTree = "<group>";
		};
		76B588451E67BAC200791987 /* LaunchScreen.storyboard */ = {
			isa = PBXVariantGroup;
			children = (
				76B588461E67BAC200791987 /* Base */,
			);
			name = LaunchScreen.storyboard;
			sourceTree = "<group>";
		};
/* End PBXVariantGroup section */

/* Begin XCBuildConfiguration section */
		76B5885F1E67BAC200791987 /* Debug */ = {
			isa = XCBuildConfiguration;
			buildSettings = {
				ALWAYS_SEARCH_USER_PATHS = NO;
				CLANG_ANALYZER_NONNULL = YES;
				CLANG_CXX_LANGUAGE_STANDARD = "gnu++0x";
				CLANG_CXX_LIBRARY = "libc++";
				CLANG_ENABLE_MODULES = YES;
				CLANG_ENABLE_OBJC_ARC = YES;
				CLANG_WARN_BOOL_CONVERSION = YES;
				CLANG_WARN_CONSTANT_CONVERSION = YES;
				CLANG_WARN_DIRECT_OBJC_ISA_USAGE = YES_ERROR;
				CLANG_WARN_DOCUMENTATION_COMMENTS = YES;
				CLANG_WARN_EMPTY_BODY = YES;
				CLANG_WARN_ENUM_CONVERSION = YES;
				CLANG_WARN_INFINITE_RECURSION = YES;
				CLANG_WARN_INT_CONVERSION = YES;
				CLANG_WARN_OBJC_ROOT_CLASS = YES_ERROR;
				CLANG_WARN_SUSPICIOUS_MOVE = YES;
				CLANG_WARN_UNREACHABLE_CODE = YES;
				CLANG_WARN__DUPLICATE_METHOD_MATCH = YES;
				"CODE_SIGN_IDENTITY[sdk=iphoneos*]" = "iPhone Developer";
				COPY_PHASE_STRIP = NO;
				DEBUG_INFORMATION_FORMAT = dwarf;
				ENABLE_STRICT_OBJC_MSGSEND = YES;
				ENABLE_TESTABILITY = YES;
				GCC_C_LANGUAGE_STANDARD = gnu99;
				GCC_DYNAMIC_NO_PIC = NO;
				GCC_NO_COMMON_BLOCKS = YES;
				GCC_OPTIMIZATION_LEVEL = 0;
				GCC_PREPROCESSOR_DEFINITIONS = (
					"DEBUG=1",
					"$(inherited)",
				);
				GCC_WARN_64_TO_32_BIT_CONVERSION = YES;
				GCC_WARN_ABOUT_RETURN_TYPE = YES_ERROR;
				GCC_WARN_UNDECLARED_SELECTOR = YES;
				GCC_WARN_UNINITIALIZED_AUTOS = YES_AGGRESSIVE;
				GCC_WARN_UNUSED_FUNCTION = YES;
				GCC_WARN_UNUSED_VARIABLE = YES;
				IPHONEOS_DEPLOYMENT_TARGET = 10.2;
				MTL_ENABLE_DEBUG_INFO = YES;
				ONLY_ACTIVE_ARCH = YES;
				SDKROOT = iphoneos;
				TARGETED_DEVICE_FAMILY = "1,2";
			};
			name = Debug;
		};
		76B588601E67BAC200791987 /* Release */ = {
			isa = XCBuildConfiguration;
			buildSettings = {
				ALWAYS_SEARCH_USER_PATHS = NO;
				CLANG_ANALYZER_NONNULL = YES;
				CLANG_CXX_LANGUAGE_STANDARD = "gnu++0x";
				CLANG_CXX_LIBRARY = "libc++";
				CLANG_ENABLE_MODULES = YES;
				CLANG_ENABLE_OBJC_ARC = YES;
				CLANG_WARN_BOOL_CONVERSION = YES;
				CLANG_WARN_CONSTANT_CONVERSION = YES;
				CLANG_WARN_DIRECT_OBJC_ISA_USAGE = YES_ERROR;
				CLANG_WARN_DOCUMENTATION_COMMENTS = YES;
				CLANG_WARN_EMPTY_BODY = YES;
				CLANG_WARN_ENUM_CONVERSION = YES;
				CLANG_WARN_INFINITE_RECURSION = YES;
				CLANG_WARN_INT_CONVERSION = YES;
				CLANG_WARN_OBJC_ROOT_CLASS = YES_ERROR;
				CLANG_WARN_SUSPICIOUS_MOVE = YES;
				CLANG_WARN_UNREACHABLE_CODE = YES;
				CLANG_WARN__DUPLICATE_METHOD_MATCH = YES;
				"CODE_SIGN_IDENTITY[sdk=iphoneos*]" = "iPhone Developer";
				COPY_PHASE_STRIP = NO;
				DEBUG_INFORMATION_FORMAT = "dwarf-with-dsym";
				ENABLE_NS_ASSERTIONS = NO;
				ENABLE_STRICT_OBJC_MSGSEND = YES;
				GCC_C_LANGUAGE_STANDARD = gnu99;
				GCC_NO_COMMON_BLOCKS = YES;
				GCC_WARN_64_TO_32_BIT_CONVERSION = YES;
				GCC_WARN_ABOUT_RETURN_TYPE = YES_ERROR;
				GCC_WARN_UNDECLARED_SELECTOR = YES;
				GCC_WARN_UNINITIALIZED_AUTOS = YES_AGGRESSIVE;
				GCC_WARN_UNUSED_FUNCTION = YES;
				GCC_WARN_UNUSED_VARIABLE = YES;
				IPHONEOS_DEPLOYMENT_TARGET = 10.2;
				MTL_ENABLE_DEBUG_INFO = NO;
				SDKROOT = iphoneos;
				TARGETED_DEVICE_FAMILY = "1,2";
				VALIDATE_PRODUCT = YES;
			};
			name = Release;
		};
		76B588621E67BAC200791987 /* Debug */ = {
			isa = XCBuildConfiguration;
			baseConfigurationReference = 18BD88B3CFBAC845CF6DAD54 /* Pods-TRZXComplaint.debug.xcconfig */;
			buildSettings = {
				ASSETCATALOG_COMPILER_APPICON_NAME = AppIcon;
				"CODE_SIGN_IDENTITY[sdk=iphoneos*]" = "iPhone Developer";
				DEVELOPMENT_TEAM = 487PQPPTGA;
				INFOPLIST_FILE = TRZXComplaint/Info.plist;
				IPHONEOS_DEPLOYMENT_TARGET = 8.0;
				LD_RUNPATH_SEARCH_PATHS = "$(inherited) @executable_path/Frameworks";
				PRODUCT_BUNDLE_IDENTIFIER = com.kipo.TRZXComplaint;
				PRODUCT_NAME = "$(TARGET_NAME)";
			};
			name = Debug;
		};
		76B588631E67BAC200791987 /* Release */ = {
			isa = XCBuildConfiguration;
			baseConfigurationReference = 6A8E453FF54E368838A1F4F7 /* Pods-TRZXComplaint.release.xcconfig */;
			buildSettings = {
				ASSETCATALOG_COMPILER_APPICON_NAME = AppIcon;
				"CODE_SIGN_IDENTITY[sdk=iphoneos*]" = "iPhone Developer";
				DEVELOPMENT_TEAM = 487PQPPTGA;
				INFOPLIST_FILE = TRZXComplaint/Info.plist;
				IPHONEOS_DEPLOYMENT_TARGET = 8.0;
				LD_RUNPATH_SEARCH_PATHS = "$(inherited) @executable_path/Frameworks";
				PRODUCT_BUNDLE_IDENTIFIER = com.kipo.TRZXComplaint;
				PRODUCT_NAME = "$(TARGET_NAME)";
			};
			name = Release;
		};
		76B588651E67BAC200791987 /* Debug */ = {
			isa = XCBuildConfiguration;
			baseConfigurationReference = 3CF883B03D85966DF471A9EC /* Pods-TRZXComplaintTests.debug.xcconfig */;
			buildSettings = {
				BUNDLE_LOADER = "$(TEST_HOST)";
				INFOPLIST_FILE = TRZXComplaintTests/Info.plist;
				LD_RUNPATH_SEARCH_PATHS = "$(inherited) @executable_path/Frameworks @loader_path/Frameworks";
				PRODUCT_BUNDLE_IDENTIFIER = com.kipo.TRZXComplaintTests;
				PRODUCT_NAME = "$(TARGET_NAME)";
				TEST_HOST = "$(BUILT_PRODUCTS_DIR)/TRZXComplaint.app/TRZXComplaint";
			};
			name = Debug;
		};
		76B588661E67BAC200791987 /* Release */ = {
			isa = XCBuildConfiguration;
			baseConfigurationReference = 12AEB2F01B38A1B1E4168D77 /* Pods-TRZXComplaintTests.release.xcconfig */;
			buildSettings = {
				BUNDLE_LOADER = "$(TEST_HOST)";
				INFOPLIST_FILE = TRZXComplaintTests/Info.plist;
				LD_RUNPATH_SEARCH_PATHS = "$(inherited) @executable_path/Frameworks @loader_path/Frameworks";
				PRODUCT_BUNDLE_IDENTIFIER = com.kipo.TRZXComplaintTests;
				PRODUCT_NAME = "$(TARGET_NAME)";
				TEST_HOST = "$(BUILT_PRODUCTS_DIR)/TRZXComplaint.app/TRZXComplaint";
			};
			name = Release;
		};
		76B588681E67BAC200791987 /* Debug */ = {
			isa = XCBuildConfiguration;
			baseConfigurationReference = DF6478E8782B204BAF40DAE1 /* Pods-TRZXComplaintUITests.debug.xcconfig */;
			buildSettings = {
				INFOPLIST_FILE = TRZXComplaintUITests/Info.plist;
				LD_RUNPATH_SEARCH_PATHS = "$(inherited) @executable_path/Frameworks @loader_path/Frameworks";
				PRODUCT_BUNDLE_IDENTIFIER = com.kipo.TRZXComplaintUITests;
				PRODUCT_NAME = "$(TARGET_NAME)";
				TEST_TARGET_NAME = TRZXComplaint;
			};
			name = Debug;
		};
		76B588691E67BAC200791987 /* Release */ = {
			isa = XCBuildConfiguration;
			baseConfigurationReference = 3388F5DFDBE1D70DA6D8ADA7 /* Pods-TRZXComplaintUITests.release.xcconfig */;
			buildSettings = {
				INFOPLIST_FILE = TRZXComplaintUITests/Info.plist;
				LD_RUNPATH_SEARCH_PATHS = "$(inherited) @executable_path/Frameworks @loader_path/Frameworks";
				PRODUCT_BUNDLE_IDENTIFIER = com.kipo.TRZXComplaintUITests;
				PRODUCT_NAME = "$(TARGET_NAME)";
				TEST_TARGET_NAME = TRZXComplaint;
			};
			name = Release;
		};
/* End XCBuildConfiguration section */

/* Begin XCConfigurationList section */
		76B5882F1E67BAC200791987 /* Build configuration list for PBXProject "TRZXComplaint" */ = {
			isa = XCConfigurationList;
			buildConfigurations = (
				76B5885F1E67BAC200791987 /* Debug */,
				76B588601E67BAC200791987 /* Release */,
			);
			defaultConfigurationIsVisible = 0;
			defaultConfigurationName = Release;
		};
		76B588611E67BAC200791987 /* Build configuration list for PBXNativeTarget "TRZXComplaint" */ = {
			isa = XCConfigurationList;
			buildConfigurations = (
				76B588621E67BAC200791987 /* Debug */,
				76B588631E67BAC200791987 /* Release */,
			);
			defaultConfigurationIsVisible = 0;
			defaultConfigurationName = Release;
		};
		76B588641E67BAC200791987 /* Build configuration list for PBXNativeTarget "TRZXComplaintTests" */ = {
			isa = XCConfigurationList;
			buildConfigurations = (
				76B588651E67BAC200791987 /* Debug */,
				76B588661E67BAC200791987 /* Release */,
			);
			defaultConfigurationIsVisible = 0;
			defaultConfigurationName = Release;
		};
		76B588671E67BAC200791987 /* Build configuration list for PBXNativeTarget "TRZXComplaintUITests" */ = {
			isa = XCConfigurationList;
			buildConfigurations = (
				76B588681E67BAC200791987 /* Debug */,
				76B588691E67BAC200791987 /* Release */,
			);
			defaultConfigurationIsVisible = 0;
			defaultConfigurationName = Release;
		};
/* End XCConfigurationList section */
	};
	rootObject = 76B5882C1E67BAC200791987 /* Project object */;
}
